
Microsoft Visual Studio Solution File, Format Version 12.00
# Visual Studio Version 16
VisualStudioVersion = 16.0.31729.503
MinimumVisualStudioVersion = 10.0.40219.1
Project("{FAE04EC0-301F-11D3-BF4B-00C04F79EFBC}") = "ElectricEngine", "ElectricEngine\ElectricEngine.csproj", "{96B3C757-CC31-47C0-9010-320C3E919525}"
EndProject
Global
	GlobalSection(SolutionConfigurationPlatforms) = preSolution
		Debug|Any CPU = Debug|Any CPU
		Release|Any CPU = Release|Any CPU
	EndGlobalSection
	GlobalSection(ProjectConfigurationPlatforms) = postSolution
		{96B3C757-CC31-47C0-9010-320C3E919525}.Debug|Any CPU.ActiveCfg = Debug|Any CPU
		{96B3C757-CC31-47C0-9010-320C3E919525}.Debug|Any CPU.Build.0 = Debug|Any CPU
		{96B3C757-CC31-47C0-9010-320C3E919525}.Release|Any CPU.ActiveCfg = Release|Any CPU
		{96B3C757-CC31-47C0-9010-320C3E919525}.Release|Any CPU.Build.0 = Release|Any CPU
	EndGlobalSection
	GlobalSection(SolutionProperties) = preSolution
		HideSolutionNode = FALSE
	EndGlobalSection
	GlobalSection(ExtensibilityGlobals) = postSolution
		SolutionGuid = {C040D058-FBCC-4189-BF07-4D7D67172EF9}
	EndGlobalSection
EndGlobal
