
Microsoft Visual Studio Solution File, Format Version 12.00
# Visual Studio 15
Project("{FAE04EC0-301F-11D3-BF4B-00C04F79EFBC}") = "Eco.Client", "Eco.Client.csproj", "{8459C678-6801-5749-F942-C7D03E5A479D}"
EndProject
Project("{FAE04EC0-301F-11D3-BF4B-00C04F79EFBC}") = "Editor.VoxelEngine", "Editor.VoxelEngine.csproj", "{952D037E-A9BD-2E7E-9D15-FB376ED4A1F2}"
EndProject
Project("{FAE04EC0-301F-11D3-BF4B-00C04F79EFBC}") = "Editor.EcoModKit", "Editor.EcoModKit.csproj", "{34DC70EC-5D13-F454-1B0E-2B62ED7C8158}"
EndProject
Global
	GlobalSection(SolutionConfigurationPlatforms) = preSolution
		Debug|Any CPU = Debug|Any CPU
		Release|Any CPU = Release|Any CPU
	EndGlobalSection
	GlobalSection(ProjectConfigurationPlatforms) = postSolution
		{8459C678-6801-5749-F942-C7D03E5A479D}.Debug|Any CPU.ActiveCfg = Debug|Any CPU
		{8459C678-6801-5749-F942-C7D03E5A479D}.Debug|Any CPU.Build.0 = Debug|Any CPU
		{8459C678-6801-5749-F942-C7D03E5A479D}.Release|Any CPU.ActiveCfg = Release|Any CPU
		{8459C678-6801-5749-F942-C7D03E5A479D}.Release|Any CPU.Build.0 = Release|Any CPU
		{952D037E-A9BD-2E7E-9D15-FB376ED4A1F2}.Debug|Any CPU.ActiveCfg = Debug|Any CPU
		{952D037E-A9BD-2E7E-9D15-FB376ED4A1F2}.Debug|Any CPU.Build.0 = Debug|Any CPU
		{952D037E-A9BD-2E7E-9D15-FB376ED4A1F2}.Release|Any CPU.ActiveCfg = Release|Any CPU
		{952D037E-A9BD-2E7E-9D15-FB376ED4A1F2}.Release|Any CPU.Build.0 = Release|Any CPU
		{34DC70EC-5D13-F454-1B0E-2B62ED7C8158}.Debug|Any CPU.ActiveCfg = Debug|Any CPU
		{34DC70EC-5D13-F454-1B0E-2B62ED7C8158}.Debug|Any CPU.Build.0 = Debug|Any CPU
		{34DC70EC-5D13-F454-1B0E-2B62ED7C8158}.Release|Any CPU.ActiveCfg = Release|Any CPU
		{34DC70EC-5D13-F454-1B0E-2B62ED7C8158}.Release|Any CPU.Build.0 = Release|Any CPU
	EndGlobalSection
	GlobalSection(SolutionProperties) = preSolution
		HideSolutionNode = FALSE
	EndGlobalSection
EndGlobal
